
Microsoft Visual Studio Solution File, Format Version 12.00
# Visual Studio Version 17
VisualStudioVersion = 17.10.35013.160
MinimumVisualStudioVersion = 10.0.40219.1
Project("{FAE04EC0-301F-11D3-BF4B-00C04F79EFBC}") = "EventManagement", "EventManagement.csproj", "{EF5B9A7B-9FC2-4729-9692-6C9005EF6E29}"
EndProject
Global
	GlobalSection(SolutionConfigurationPlatforms) = preSolution
		Debug|Any CPU = Debug|Any CPU
		Release|Any CPU = Release|Any CPU
	EndGlobalSection
	GlobalSection(ProjectConfigurationPlatforms) = postSolution
		{EF5B9A7B-9FC2-4729-9692-6C9005EF6E29}.Debug|Any CPU.ActiveCfg = Debug|Any CPU
		{EF5B9A7B-9FC2-4729-9692-6C9005EF6E29}.Debug|Any CPU.Build.0 = Debug|Any CPU
		{EF5B9A7B-9FC2-4729-9692-6C9005EF6E29}.Release|Any CPU.ActiveCfg = Release|Any CPU
		{EF5B9A7B-9FC2-4729-9692-6C9005EF6E29}.Release|Any CPU.Build.0 = Release|Any CPU
	EndGlobalSection
	GlobalSection(SolutionProperties) = preSolution
		HideSolutionNode = FALSE
	EndGlobalSection
	GlobalSection(ExtensibilityGlobals) = postSolution
		SolutionGuid = {BA263AA0-14D1-474F-8B8C-C77FF076A0DF}
	EndGlobalSection
EndGlobal
